// !$*UTF8*$!
{
	archiveVersion = 1;
	classes = {
	};
	objectVersion = 50;
	objects = {

/* Begin PBXBuildFile section */
		D20A2A2B264DB2A1006D4BB3 /* MyTableViewCell.swift in Sources */ = {isa = PBXBuildFile; fileRef = D20A2A29264DB2A1006D4BB3 /* MyTableViewCell.swift */; };
		D20A2A2C264DB2A1006D4BB3 /* MyTableViewCell.xib in Resources */ = {isa = PBXBuildFile; fileRef = D20A2A2A264DB2A1006D4BB3 /* MyTableViewCell.xib */; };
		D292D926264C4EF000BC9C52 /* AppDelegate.swift in Sources */ = {isa = PBXBuildFile; fileRef = D292D925264C4EF000BC9C52 /* AppDelegate.swift */; };
		D292D928264C4EF000BC9C52 /* SceneDelegate.swift in Sources */ = {isa = PBXBuildFile; fileRef = D292D927264C4EF000BC9C52 /* SceneDelegate.swift */; };
		D292D92A264C4EF000BC9C52 /* ViewController.swift in Sources */ = {isa = PBXBuildFile; fileRef = D292D929264C4EF000BC9C52 /* ViewController.swift */; };
		D292D92D264C4EF000BC9C52 /* Main.storyboard in Resources */ = {isa = PBXBuildFile; fileRef = D292D92B264C4EF000BC9C52 /* Main.storyboard */; };
		D292D92F264C4EF100BC9C52 /* Assets.xcassets in Resources */ = {isa = PBXBuildFile; fileRef = D292D92E264C4EF100BC9C52 /* Assets.xcassets */; };
		D292D932264C4EF100BC9C52 /* LaunchScreen.storyboard in Resources */ = {isa = PBXBuildFile; fileRef = D292D930264C4EF100BC9C52 /* LaunchScreen.storyboard */; };
/* End PBXBuildFile section */

/* Begin PBXFileReference section */
		D20A2A29264DB2A1006D4BB3 /* MyTableViewCell.swift */ = {isa = PBXFileReference; lastKnownFileType = sourcecode.swift; path = MyTableViewCell.swift; sourceTree = "<group>"; };
		D20A2A2A264DB2A1006D4BB3 /* MyTableViewCell.xib */ = {isa = PBXFileReference; lastKnownFileType = file.xib; path = MyTableViewCell.xib; sourceTree = "<group>"; };
		D292D922264C4EF000BC9C52 /* world.app */ = {isa = PBXFileReference; explicitFileType = wrapper.application; includeInIndex = 0; path = world.app; sourceTree = BUILT_PRODUCTS_DIR; };
		D292D925264C4EF000BC9C52 /* AppDelegate.swift */ = {isa = PBXFileReference; lastKnownFileType = sourcecode.swift; path = AppDelegate.swift; sourceTree = "<group>"; };
		D292D927264C4EF000BC9C52 /* SceneDelegate.swift */ = {isa = PBXFileReference; lastKnownFileType = sourcecode.swift; path = SceneDelegate.swift; sourceTree = "<group>"; };
		D292D929264C4EF000BC9C52 /* ViewController.swift */ = {isa = PBXFileReference; lastKnownFileType = sourcecode.swift; path = ViewController.swift; sourceTree = "<group>"; };
		D292D92C264C4EF000BC9C52 /* Base */ = {isa = PBXFileReference; lastKnownFileType = file.storyboard; name = Base; path = Base.lproj/Main.storyboard; sourceTree = "<group>"; };
		D292D92E264C4EF100BC9C52 /* Assets.xcassets */ = {isa = PBXFileReference; lastKnownFileType = folder.assetcatalog; path = Assets.xcassets; sourceTree = "<group>"; };
		D292D931264C4EF100BC9C52 /* Base */ = {isa = PBXFileReference; lastKnownFileType = file.storyboard; name = Base; path = Base.lproj/LaunchScreen.storyboard; sourceTree = "<group>"; };
		D292D933264C4EF100BC9C52 /* Info.plist */ = {isa = PBXFileReference; lastKnownFileType = text.plist.xml; path = Info.plist; sourceTree = "<group>"; };
/* End PBXFileReference section */

/* Begin PBXFrameworksBuildPhase section */
		D292D91F264C4EF000BC9C52 /* Frameworks */ = {
			isa = PBXFrameworksBuildPhase;
			buildActionMask = 2147483647;
			files = (
			);
			runOnlyForDeploymentPostprocessing = 0;
		};
/* End PBXFrameworksBuildPhase section */

/* Begin PBXGroup section */
		D292D919264C4EF000BC9C52 = {
			isa = PBXGroup;
			children = (
				D292D924264C4EF000BC9C52 /* world */,
				D292D923264C4EF000BC9C52 /* Products */,
			);
			sourceTree = "<group>";
		};
		D292D923264C4EF000BC9C52 /* Products */ = {
			isa = PBXGroup;
			children = (
				D292D922264C4EF000BC9C52 /* world.app */,
			);
			name = Products;
			sourceTree = "<group>";
		};
		D292D924264C4EF000BC9C52 /* world */ = {
			isa = PBXGroup;
			children = (
				D292D925264C4EF000BC9C52 /* AppDelegate.swift */,
				D292D927264C4EF000BC9C52 /* SceneDelegate.swift */,
				D292D929264C4EF000BC9C52 /* ViewController.swift */,
				D292D92B264C4EF000BC9C52 /* Main.storyboard */,
				D292D92E264C4EF100BC9C52 /* Assets.xcassets */,
				D292D930264C4EF100BC9C52 /* LaunchScreen.storyboard */,
				D292D933264C4EF100BC9C52 /* Info.plist */,
				D20A2A29264DB2A1006D4BB3 /* MyTableViewCell.swift */,
				D20A2A2A264DB2A1006D4BB3 /* MyTableViewCell.xib */,
			);
			path = world;
			sourceTree = "<group>";
		};
/* End PBXGroup section */

/* Begin PBXNativeTarget section */
		D292D921264C4EF000BC9C52 /* world */ = {
			isa = PBXNativeTarget;
			buildConfigurationList = D292D936264C4EF100BC9C52 /* Build configuration list for PBXNativeTarget "world" */;
			buildPhases = (
				D292D91E264C4EF000BC9C52 /* Sources */,
				D292D91F264C4EF000BC9C52 /* Frameworks */,
				D292D920264C4EF000BC9C52 /* Resources */,
			);
			buildRules = (
			);
			dependencies = (
			);
			name = world;
			productName = world;
			productReference = D292D922264C4EF000BC9C52 /* world.app */;
			productType = "com.apple.product-type.application";
		};
/* End PBXNativeTarget section */

/* Begin PBXProject section */
		D292D91A264C4EF000BC9C52 /* Project object */ = {
			isa = PBXProject;
			attributes = {
				LastSwiftUpdateCheck = 1240;
				LastUpgradeCheck = 1240;
				TargetAttributes = {
					D292D921264C4EF000BC9C52 = {
						CreatedOnToolsVersion = 12.4;
					};
				};
			};
			buildConfigurationList = D292D91D264C4EF000BC9C52 /* Build configuration list for PBXProject "world" */;
			compatibilityVersion = "Xcode 9.3";
			developmentRegion = en;
			hasScannedForEncodings = 0;
			knownRegions = (
				en,
				Base,
			);
			mainGroup = D292D919264C4EF000BC9C52;
			productRefGroup = D292D923264C4EF000BC9C52 /* Products */;
			projectDirPath = "";
			projectRoot = "";
			targets = (
				D292D921264C4EF000BC9C52 /* world */,
			);
		};
/* End PBXProject section */

/* Begin PBXResourcesBuildPhase section */
		D292D920264C4EF000BC9C52 /* Resources */ = {
			isa = PBXResourcesBuildPhase;
			buildActionMask = 2147483647;
			files = (
				D292D932264C4EF100BC9C52 /* LaunchScreen.storyboard in Resources */,
				D20A2A2C264DB2A1006D4BB3 /* MyTableViewCell.xib in Resources */,
				D292D92F264C4EF100BC9C52 /* Assets.xcassets in Resources */,
				D292D92D264C4EF000BC9C52 /* Main.storyboard in Resources */,
			);
			runOnlyForDeploymentPostprocessing = 0;
		};
/* End PBXResourcesBuildPhase section */

/* Begin PBXSourcesBuildPhase section */
		D292D91E264C4EF000BC9C52 /* Sources */ = {
			isa = PBXSourcesBuildPhase;
			buildActionMask = 2147483647;
			files = (
				D292D92A264C4EF000BC9C52 /* ViewController.swift in Sources */,
				D20A2A2B264DB2A1006D4BB3 /* MyTableViewCell.swift in Sources */,
				D292D926264C4EF000BC9C52 /* AppDelegate.swift in Sources */,
				D292D928264C4EF000BC9C52 /* SceneDelegate.swift in Sources */,
			);
			runOnlyForDeploymentPostprocessing = 0;
		};
/* End PBXSourcesBuildPhase section */

/* Begin PBXVariantGroup section */
		D292D92B264C4EF000BC9C52 /* Main.storyboard */ = {
			isa = PBXVariantGroup;
			children = (
				D292D92C264C4EF000BC9C52 /* Base */,
			);
			name = Main.storyboard;
			sourceTree = "<group>";
		};
		D292D930264C4EF100BC9C52 /* LaunchScreen.storyboard */ = {
			isa = PBXVariantGroup;
			children = (
				D292D931264C4EF100BC9C52 /* Base */,
			);
			name = LaunchScreen.storyboard;
			sourceTree = "<group>";
		};
/* End PBXVariantGroup section */

/* Begin XCBuildConfiguration section */
		D292D934264C4EF100BC9C52 /* Debug */ = {
			isa = XCBuildConfiguration;
			buildSettings = {
				ALWAYS_SEARCH_USER_PATHS = NO;
				CLANG_ANALYZER_NONNULL = YES;
				CLANG_ANALYZER_NUMBER_OBJECT_CONVERSION = YES_AGGRESSIVE;
				CLANG_CXX_LANGUAGE_STANDARD = "gnu++14";
				CLANG_CXX_LIBRARY = "libc++";
				CLANG_ENABLE_MODULES = YES;
				CLANG_ENABLE_OBJC_ARC = YES;
				CLANG_ENABLE_OBJC_WEAK = YES;
				CLANG_WARN_BLOCK_CAPTURE_AUTORELEASING = YES;
				CLANG_WARN_BOOL_CONVERSION = YES;
				CLANG_WARN_COMMA = YES;
				CLANG_WARN_CONSTANT_CONVERSION = YES;
				CLANG_WARN_DEPRECATED_OBJC_IMPLEMENTATIONS = YES;
				CLANG_WARN_DIRECT_OBJC_ISA_USAGE = YES_ERROR;
				CLANG_WARN_DOCUMENTATION_COMMENTS = YES;
				CLANG_WARN_EMPTY_BODY = YES;
				CLANG_WARN_ENUM_CONVERSION = YES;
				CLANG_WARN_INFINITE_RECURSION = YES;
				CLANG_WARN_INT_CONVERSION = YES;
				CLANG_WARN_NON_LITERAL_NULL_CONVERSION = YES;
				CLANG_WARN_OBJC_IMPLICIT_RETAIN_SELF = YES;
				CLANG_WARN_OBJC_LITERAL_CONVERSION = YES;
				CLANG_WARN_OBJC_ROOT_CLASS = YES_ERROR;
				CLANG_WARN_QUOTED_INCLUDE_IN_FRAMEWORK_HEADER = YES;
				CLANG_WARN_RANGE_LOOP_ANALYSIS = YES;
				CLANG_WARN_STRICT_PROTOTYPES = YES;
				CLANG_WARN_SUSPICIOUS_MOVE = YES;
				CLANG_WARN_UNGUARDED_AVAILABILITY = YES_AGGRESSIVE;
				CLANG_WARN_UNREACHABLE_CODE = YES;
				CLANG_WARN__DUPLICATE_METHOD_MATCH = YES;
				COPY_PHASE_STRIP = NO;
				DEBUG_INFORMATION_FORMAT = dwarf;
				ENABLE_STRICT_OBJC_MSGSEND = YES;
				ENABLE_TESTABILITY = YES;
				GCC_C_LANGUAGE_STANDARD = gnu11;
				GCC_DYNAMIC_NO_PIC = NO;
				GCC_NO_COMMON_BLOCKS = YES;
				GCC_OPTIMIZATION_LEVEL = 0;
				GCC_PREPROCESSOR_DEFINITIONS = (
					"DEBUG=1",
					"$(inherited)",
				);
				GCC_WARN_64_TO_32_BIT_CONVERSION = YES;
				GCC_WARN_ABOUT_RETURN_TYPE = YES_ERROR;
				GCC_WARN_UNDECLARED_SELECTOR = YES;
				GCC_WARN_UNINITIALIZED_AUTOS = YES_AGGRESSIVE;
				GCC_WARN_UNUSED_FUNCTION = YES;
				GCC_WARN_UNUSED_VARIABLE = YES;
				IPHONEOS_DEPLOYMENT_TARGET = 14.4;
				MTL_ENABLE_DEBUG_INFO = INCLUDE_SOURCE;
				MTL_FAST_MATH = YES;
				ONLY_ACTIVE_ARCH = YES;
				SDKROOT = iphoneos;
				SWIFT_ACTIVE_COMPILATION_CONDITIONS = DEBUG;
				SWIFT_OPTIMIZATION_LEVEL = "-Onone";
			};
			name = Debug;
		};
		D292D935264C4EF100BC9C52 /* Release */ = {
			isa = XCBuildConfiguration;
			buildSettings = {
				ALWAYS_SEARCH_USER_PATHS = NO;
				CLANG_ANALYZER_NONNULL = YES;
				CLANG_ANALYZER_NUMBER_OBJECT_CONVERSION = YES_AGGRESSIVE;
				CLANG_CXX_LANGUAGE_STANDARD = "gnu++14";
				CLANG_CXX_LIBRARY = "libc++";
				CLANG_ENABLE_MODULES = YES;
				CLANG_ENABLE_OBJC_ARC = YES;
				CLANG_ENABLE_OBJC_WEAK = YES;
				CLANG_WARN_BLOCK_CAPTURE_AUTORELEASING = YES;
				CLANG_WARN_BOOL_CONVERSION = YES;
				CLANG_WARN_COMMA = YES;
				CLANG_WARN_CONSTANT_CONVERSION = YES;
				CLANG_WARN_DEPRECATED_OBJC_IMPLEMENTATIONS = YES;
				CLANG_WARN_DIRECT_OBJC_ISA_USAGE = YES_ERROR;
				CLANG_WARN_DOCUMENTATION_COMMENTS = YES;
				CLANG_WARN_EMPTY_BODY = YES;
				CLANG_WARN_ENUM_CONVERSION = YES;
				CLANG_WARN_INFINITE_RECURSION = YES;
				CLANG_WARN_INT_CONVERSION = YES;
				CLANG_WARN_NON_LITERAL_NULL_CONVERSION = YES;
				CLANG_WARN_OBJC_IMPLICIT_RETAIN_SELF = YES;
				CLANG_WARN_OBJC_LITERAL_CONVERSION = YES;
				CLANG_WARN_OBJC_ROOT_CLASS = YES_ERROR;
				CLANG_WARN_QUOTED_INCLUDE_IN_FRAMEWORK_HEADER = YES;
				CLANG_WARN_RANGE_LOOP_ANALYSIS = YES;
				CLANG_WARN_STRICT_PROTOTYPES = YES;
				CLANG_WARN_SUSPICIOUS_MOVE = YES;
				CLANG_WARN_UNGUARDED_AVAILABILITY = YES_AGGRESSIVE;
				CLANG_WARN_UNREACHABLE_CODE = YES;
				CLANG_WARN__DUPLICATE_METHOD_MATCH = YES;
				COPY_PHASE_STRIP = NO;
				DEBUG_INFORMATION_FORMAT = "dwarf-with-dsym";
				ENABLE_NS_ASSERTIONS = NO;
				ENABLE_STRICT_OBJC_MSGSEND = YES;
				GCC_C_LANGUAGE_STANDARD = gnu11;
				GCC_NO_COMMON_BLOCKS = YES;
				GCC_WARN_64_TO_32_BIT_CONVERSION = YES;
				GCC_WARN_ABOUT_RETURN_TYPE = YES_ERROR;
				GCC_WARN_UNDECLARED_SELECTOR = YES;
				GCC_WARN_UNINITIALIZED_AUTOS = YES_AGGRESSIVE;
				GCC_WARN_UNUSED_FUNCTION = YES;
				GCC_WARN_UNUSED_VARIABLE = YES;
				IPHONEOS_DEPLOYMENT_TARGET = 14.4;
				MTL_ENABLE_DEBUG_INFO = NO;
				MTL_FAST_MATH = YES;
				SDKROOT = iphoneos;
				SWIFT_COMPILATION_MODE = wholemodule;
				SWIFT_OPTIMIZATION_LEVEL = "-O";
				VALIDATE_PRODUCT = YES;
			};
			name = Release;
		};
		D292D937264C4EF100BC9C52 /* Debug */ = {
			isa = XCBuildConfiguration;
			buildSettings = {
				ASSETCATALOG_COMPILER_APPICON_NAME = AppIcon;
				ASSETCATALOG_COMPILER_GLOBAL_ACCENT_COLOR_NAME = AccentColor;
				CODE_SIGN_STYLE = Automatic;
				DEVELOPMENT_TEAM = 4B6DXRYYGK;
				INFOPLIST_FILE = world/Info.plist;
				IPHONEOS_DEPLOYMENT_TARGET = 14.4;
				LD_RUNPATH_SEARCH_PATHS = (
					"$(inherited)",
					"@executable_path/Frameworks",
				);
				PRODUCT_BUNDLE_IDENTIFIER = com.Wells.world;
				PRODUCT_NAME = "$(TARGET_NAME)";
				SWIFT_VERSION = 5.0;
				TARGETED_DEVICE_FAMILY = "1,2";
			};
			name = Debug;
		};
		D292D938264C4EF100BC9C52 /* Release */ = {
			isa = XCBuildConfiguration;
			buildSettings = {
				ASSETCATALOG_COMPILER_APPICON_NAME = AppIcon;
				ASSETCATALOG_COMPILER_GLOBAL_ACCENT_COLOR_NAME = AccentColor;
				CODE_SIGN_STYLE = Automatic;
				DEVELOPMENT_TEAM = 4B6DXRYYGK;
				INFOPLIST_FILE = world/Info.plist;
				IPHONEOS_DEPLOYMENT_TARGET = 14.4;
				LD_RUNPATH_SEARCH_PATHS = (
					"$(inherited)",
					"@executable_path/Frameworks",
				);
				PRODUCT_BUNDLE_IDENTIFIER = com.Wells.world;
				PRODUCT_NAME = "$(TARGET_NAME)";
				SWIFT_VERSION = 5.0;
				TARGETED_DEVICE_FAMILY = "1,2";
			};
			name = Release;
		};
/* End XCBuildConfiguration section */

/* Begin XCConfigurationList section */
		D292D91D264C4EF000BC9C52 /* Build configuration list for PBXProject "world" */ = {
			isa = XCConfigurationList;
			buildConfigurations = (
				D292D934264C4EF100BC9C52 /* Debug */,
				D292D935264C4EF100BC9C52 /* Release */,
			);
			defaultConfigurationIsVisible = 0;
			defaultConfigurationName = Release;
		};
		D292D936264C4EF100BC9C52 /* Build configuration list for PBXNativeTarget "world" */ = {
			isa = XCConfigurationList;
			buildConfigurations = (
				D292D937264C4EF100BC9C52 /* Debug */,
				D292D938264C4EF100BC9C52 /* Release */,
			);
			defaultConfigurationIsVisible = 0;
			defaultConfigurationName = Release;
		};
/* End XCConfigurationList section */
	};
	rootObject = D292D91A264C4EF000BC9C52 /* Project object */;
}
